
Microsoft Visual Studio Solution File, Format Version 12.00
# Visual Studio 15
VisualStudioVersion = 15.0.28307.1778
MinimumVisualStudioVersion = 10.0.40219.1
Project("{FAE04EC0-301F-11D3-BF4B-00C04F79EFBC}") = "MaoriTest", "MaoriTest\MaoriTest.csproj", "{8A653EE4-5BF4-4862-81EC-D0F99C28174E}"
EndProject
Global
	GlobalSection(SolutionConfigurationPlatforms) = preSolution
		Debug|Any CPU = Debug|Any CPU
		Release|Any CPU = Release|Any CPU
	EndGlobalSection
	GlobalSection(ProjectConfigurationPlatforms) = postSolution
		{8A653EE4-5BF4-4862-81EC-D0F99C28174E}.Debug|Any CPU.ActiveCfg = Debug|Any CPU
		{8A653EE4-5BF4-4862-81EC-D0F99C28174E}.Debug|Any CPU.Build.0 = Debug|Any CPU
		{8A653EE4-5BF4-4862-81EC-D0F99C28174E}.Release|Any CPU.ActiveCfg = Release|Any CPU
		{8A653EE4-5BF4-4862-81EC-D0F99C28174E}.Release|Any CPU.Build.0 = Release|Any CPU
	EndGlobalSection
	GlobalSection(SolutionProperties) = preSolution
		HideSolutionNode = FALSE
	EndGlobalSection
	GlobalSection(ExtensibilityGlobals) = postSolution
		SolutionGuid = {65CB0D7C-B586-4649-946A-D0FC812A5CB0}
	EndGlobalSection
EndGlobal
